
Microsoft Visual Studio Solution File, Format Version 12.00
# Visual Studio Version 17
VisualStudioVersion = 17.7.34221.43
MinimumVisualStudioVersion = 10.0.40219.1
Project("{FAE04EC0-301F-11D3-BF4B-00C04F79EFBC}") = "FoodOrderingSystem", "FoodOrderingSystem\FoodOrderingSystem.csproj", "{B89EEA8B-5E3E-4A28-9923-86C01F0A55AB}"
EndProject
Project("{FAE04EC0-301F-11D3-BF4B-00C04F79EFBC}") = "Draft", "Draft\Draft.csproj", "{50C81D9F-35C6-4883-BB34-D52454778C93}"
EndProject
Global
	GlobalSection(SolutionConfigurationPlatforms) = preSolution
		Debug|Any CPU = Debug|Any CPU
		Release|Any CPU = Release|Any CPU
	EndGlobalSection
	GlobalSection(ProjectConfigurationPlatforms) = postSolution
		{B89EEA8B-5E3E-4A28-9923-86C01F0A55AB}.Debug|Any CPU.ActiveCfg = Debug|Any CPU
		{B89EEA8B-5E3E-4A28-9923-86C01F0A55AB}.Debug|Any CPU.Build.0 = Debug|Any CPU
		{B89EEA8B-5E3E-4A28-9923-86C01F0A55AB}.Release|Any CPU.ActiveCfg = Release|Any CPU
		{B89EEA8B-5E3E-4A28-9923-86C01F0A55AB}.Release|Any CPU.Build.0 = Release|Any CPU
		{50C81D9F-35C6-4883-BB34-D52454778C93}.Debug|Any CPU.ActiveCfg = Debug|Any CPU
		{50C81D9F-35C6-4883-BB34-D52454778C93}.Debug|Any CPU.Build.0 = Debug|Any CPU
		{50C81D9F-35C6-4883-BB34-D52454778C93}.Release|Any CPU.ActiveCfg = Release|Any CPU
		{50C81D9F-35C6-4883-BB34-D52454778C93}.Release|Any CPU.Build.0 = Release|Any CPU
	EndGlobalSection
	GlobalSection(SolutionProperties) = preSolution
		HideSolutionNode = FALSE
	EndGlobalSection
	GlobalSection(ExtensibilityGlobals) = postSolution
		SolutionGuid = {C08CE66C-485E-4676-BDD3-5BFD0DB5D381}
	EndGlobalSection
EndGlobal
